Microsoft Visual Studio Solution File, Format Version 11.00
# Visual Studio 2008

Project("{EFDC8E4B-A20C-6FD0-43F5-1DE1DEF0FE6D}") = "superstarslayer", "Assembly-CSharp.csproj", "{EA073A4A-9413-3488-B9DB-C491CC9D43F3}"
EndProject
Global
	GlobalSection(SolutionConfigurationPlatforms) = preSolution
		Debug|Any CPU = Debug|Any CPU
		Release|Any CPU = Release|Any CPU
	EndGlobalSection
	GlobalSection(ProjectConfigurationPlatforms) = postSolution
		{EA073A4A-9413-3488-B9DB-C491CC9D43F3}.Debug|Any CPU.ActiveCfg = Debug|Any CPU
		{EA073A4A-9413-3488-B9DB-C491CC9D43F3}.Debug|Any CPU.Build.0 = Debug|Any CPU
		{EA073A4A-9413-3488-B9DB-C491CC9D43F3}.Release|Any CPU.ActiveCfg = Release|Any CPU
		{EA073A4A-9413-3488-B9DB-C491CC9D43F3}.Release|Any CPU.Build.0 = Release|Any CPU
	EndGlobalSection
	GlobalSection(SolutionProperties) = preSolution
		HideSolutionNode = FALSE
	EndGlobalSection
	GlobalSection(MonoDevelopProperties) = preSolution
		StartupItem = Assembly-CSharp.csproj
	EndGlobalSection
EndGlobal
