Microsoft Visual Studio Solution File, Format Version 11.00
# Visual Studio 2008

Project("{432B171C-1245-D534-8017-EBCEA97CE7BC}") = "TripleS", "Assembly-CSharp.csproj", "{AD70C696-4A4F-2D9D-C108-209388192D0F}"
EndProject
Global
	GlobalSection(SolutionConfigurationPlatforms) = preSolution
		Debug|Any CPU = Debug|Any CPU
		Release|Any CPU = Release|Any CPU
	EndGlobalSection
	GlobalSection(ProjectConfigurationPlatforms) = postSolution
		{AD70C696-4A4F-2D9D-C108-209388192D0F}.Debug|Any CPU.ActiveCfg = Debug|Any CPU
		{AD70C696-4A4F-2D9D-C108-209388192D0F}.Debug|Any CPU.Build.0 = Debug|Any CPU
		{AD70C696-4A4F-2D9D-C108-209388192D0F}.Release|Any CPU.ActiveCfg = Release|Any CPU
		{AD70C696-4A4F-2D9D-C108-209388192D0F}.Release|Any CPU.Build.0 = Release|Any CPU
	EndGlobalSection
	GlobalSection(SolutionProperties) = preSolution
		HideSolutionNode = FALSE
	EndGlobalSection
	GlobalSection(MonoDevelopProperties) = preSolution
		StartupItem = Assembly-CSharp.csproj
	EndGlobalSection
EndGlobal
